speakeasyVersion: 1.557.0
sources:
    documenso-OAS:
        sourceNamespace: documenso-v-2-beta-api
        sourceRevisionDigest: sha256:f6430b0cc0c2d5b7a14e59359376c04f78458dd953a630f4a58093e86b4b56f7
        sourceBlobDigest: sha256:b5ace18675a2927ed909e9e7210586bfd0bad91e1efebe408005432746a1511c
        tags:
            - latest
            - speakeasy-sdk-regen-1748563993
targets:
    documenso:
        source: documenso-OAS
        sourceNamespace: documenso-v-2-beta-api
        sourceRevisionDigest: sha256:f6430b0cc0c2d5b7a14e59359376c04f78458dd953a630f4a58093e86b4b56f7
        sourceBlobDigest: sha256:b5ace18675a2927ed909e9e7210586bfd0bad91e1efebe408005432746a1511c
        codeSamplesNamespace: documenso-oas-python-code-samples
        codeSamplesRevisionDigest: sha256:6d7df31290db2a621eb8ff80158fba13b9b8a4e653625f0a83320d00cb14494e
workflow:
    workflowVersion: 1.0.0
    speakeasyVersion: latest
    sources:
        documenso-OAS:
            inputs:
                - location: registry.speakeasyapi.dev/documenso-inc/api/documenso-v-2-beta-api:main
            registry:
                location: registry.speakeasyapi.dev/documenso-inc/api/documenso-oas
    targets:
        documenso:
            target: python
            source: documenso-OAS
            publish:
                pypi:
                    token: $pypi_token
            codeSamples:
                registry:
                    location: registry.speakeasyapi.dev/documenso-inc/api/documenso-oas-python-code-samples
                labelOverride:
                    fixedValue: Python (SDK)
                blocking: false
