speakeasyVersion: 1.665.0
sources:
    documenso-OAS:
        sourceNamespace: documenso-v-2-beta-api
        sourceRevisionDigest: sha256:1b7f45966886df9285171a20e382cde3665198062649690e3b58901188ba41ce
        sourceBlobDigest: sha256:5be99e9e1ec427c47aab5d2cdd4fe44d5994fed3ab10710a5f72018954fa6a0d
        tags:
            - latest
            - speakeasy-sdk-regen-1763079216
targets:
    documenso:
        source: documenso-OAS
        sourceNamespace: documenso-v-2-beta-api
        sourceRevisionDigest: sha256:1b7f45966886df9285171a20e382cde3665198062649690e3b58901188ba41ce
        sourceBlobDigest: sha256:5be99e9e1ec427c47aab5d2cdd4fe44d5994fed3ab10710a5f72018954fa6a0d
        codeSamplesNamespace: documenso-oas-python-code-samples
        codeSamplesRevisionDigest: sha256:0e70816e509d3c60b8f3a77c63ec72e5303ff6036c91a60a3afc1359c2504f5c
workflow:
    workflowVersion: 1.0.0
    speakeasyVersion: latest
    sources:
        documenso-OAS:
            inputs:
                - location: registry.speakeasyapi.dev/documenso-inc/api/documenso-v-2-beta-api:main
            registry:
                location: registry.speakeasyapi.dev/documenso-inc/api/documenso-oas
    targets:
        documenso:
            target: python
            source: documenso-OAS
            publish:
                pypi:
                    token: $pypi_token
            codeSamples:
                registry:
                    location: registry.speakeasyapi.dev/documenso-inc/api/documenso-oas-python-code-samples
                labelOverride:
                    fixedValue: Python (SDK)
                blocking: false
