speakeasyVersion: 1.654.0
sources:
    documenso-OAS:
        sourceNamespace: documenso-v-2-beta-api
        sourceRevisionDigest: sha256:a1aff63b3508ca901e6fb813d3c6e33f105e2bbe7e8f861864c3ea0614d16db8
        sourceBlobDigest: sha256:74cf4e37b5f6518d424d3d6023016935fa0bdbfd71e0bad8453dba473f30b75d
        tags:
            - latest
            - speakeasy-sdk-regen-1761013204
targets:
    documenso:
        source: documenso-OAS
        sourceNamespace: documenso-v-2-beta-api
        sourceRevisionDigest: sha256:a1aff63b3508ca901e6fb813d3c6e33f105e2bbe7e8f861864c3ea0614d16db8
        sourceBlobDigest: sha256:74cf4e37b5f6518d424d3d6023016935fa0bdbfd71e0bad8453dba473f30b75d
        codeSamplesNamespace: documenso-oas-python-code-samples
        codeSamplesRevisionDigest: sha256:5d3cc785dbce7dfa881e7042efb9ddf3a61d4876618f623d6e650fac427021d8
workflow:
    workflowVersion: 1.0.0
    speakeasyVersion: latest
    sources:
        documenso-OAS:
            inputs:
                - location: registry.speakeasyapi.dev/documenso-inc/api/documenso-v-2-beta-api:main
            registry:
                location: registry.speakeasyapi.dev/documenso-inc/api/documenso-oas
    targets:
        documenso:
            target: python
            source: documenso-OAS
            publish:
                pypi:
                    token: $pypi_token
            codeSamples:
                registry:
                    location: registry.speakeasyapi.dev/documenso-inc/api/documenso-oas-python-code-samples
                labelOverride:
                    fixedValue: Python (SDK)
                blocking: false
